
Microsoft Visual Studio Solution File, Format Version 12.00
# Visual Studio Version 16
VisualStudioVersion = 16.0.32802.440
MinimumVisualStudioVersion = 10.0.40219.1
Project("{FAE04EC0-301F-11D3-BF4B-00C04F79EFBC}") = "Bookstore", "Bookstore\Bookstore.csproj", "{4B410604-AD0A-40B6-87CB-6B2B92274151}"
EndProject
Global
	GlobalSection(SolutionConfigurationPlatforms) = preSolution
		Debug|Any CPU = Debug|Any CPU
		Release|Any CPU = Release|Any CPU
	EndGlobalSection
	GlobalSection(ProjectConfigurationPlatforms) = postSolution
		{4B410604-AD0A-40B6-87CB-6B2B92274151}.Debug|Any CPU.ActiveCfg = Debug|Any CPU
		{4B410604-AD0A-40B6-87CB-6B2B92274151}.Debug|Any CPU.Build.0 = Debug|Any CPU
		{4B410604-AD0A-40B6-87CB-6B2B92274151}.Release|Any CPU.ActiveCfg = Release|Any CPU
		{4B410604-AD0A-40B6-87CB-6B2B92274151}.Release|Any CPU.Build.0 = Release|Any CPU
	EndGlobalSection
	GlobalSection(SolutionProperties) = preSolution
		HideSolutionNode = FALSE
	EndGlobalSection
	GlobalSection(ExtensibilityGlobals) = postSolution
		SolutionGuid = {B84FEAEC-0400-4800-AFBD-BEA572467765}
	EndGlobalSection
EndGlobal
